
Microsoft Visual Studio Solution File, Format Version 12.00
# Visual Studio 15
VisualStudioVersion = 15.0.28010.2041
MinimumVisualStudioVersion = 10.0.40219.1
Project("{FAE04EC0-301F-11D3-BF4B-00C04F79EFBC}") = "vidly", "vidly\vidly.csproj", "{9409E340-57A9-4C37-BA43-5D057D697775}"
EndProject
Global
	GlobalSection(SolutionConfigurationPlatforms) = preSolution
		Debug|Any CPU = Debug|Any CPU
		Release|Any CPU = Release|Any CPU
	EndGlobalSection
	GlobalSection(ProjectConfigurationPlatforms) = postSolution
		{9409E340-57A9-4C37-BA43-5D057D697775}.Debug|Any CPU.ActiveCfg = Debug|Any CPU
		{9409E340-57A9-4C37-BA43-5D057D697775}.Debug|Any CPU.Build.0 = Debug|Any CPU
		{9409E340-57A9-4C37-BA43-5D057D697775}.Release|Any CPU.ActiveCfg = Release|Any CPU
		{9409E340-57A9-4C37-BA43-5D057D697775}.Release|Any CPU.Build.0 = Release|Any CPU
	EndGlobalSection
	GlobalSection(SolutionProperties) = preSolution
		HideSolutionNode = FALSE
	EndGlobalSection
	GlobalSection(ExtensibilityGlobals) = postSolution
		SolutionGuid = {F83CA46C-887C-47F0-A7B4-17A25D9CACE9}
	EndGlobalSection
EndGlobal
